// !$*UTF8*$!
{
	archiveVersion = 1;
	classes = {
	};
	objectVersion = 46;
	objects = {

/* Begin PBXBuildFile section */
		3375C3231D88471200484558 /* main.m in Sources */ = {isa = PBXBuildFile; fileRef = 3375C3221D88471200484558 /* main.m */; };
		3375C3261D88471200484558 /* AppDelegate.m in Sources */ = {isa = PBXBuildFile; fileRef = 3375C3251D88471200484558 /* AppDelegate.m */; };
		3375C32C1D88471200484558 /* Main.storyboard in Resources */ = {isa = PBXBuildFile; fileRef = 3375C32A1D88471200484558 /* Main.storyboard */; };
		3375C32E1D88471200484558 /* Assets.xcassets in Resources */ = {isa = PBXBuildFile; fileRef = 3375C32D1D88471200484558 /* Assets.xcassets */; };
		3375C3311D88471200484558 /* LaunchScreen.storyboard in Resources */ = {isa = PBXBuildFile; fileRef = 3375C32F1D88471200484558 /* LaunchScreen.storyboard */; };
		3375C33A1D88479700484558 /* ItemsViewController.m in Sources */ = {isa = PBXBuildFile; fileRef = 3375C3391D88479700484558 /* ItemsViewController.m */; };
		3375C33D1D88605100484558 /* Item.m in Sources */ = {isa = PBXBuildFile; fileRef = 3375C33C1D88605100484558 /* Item.m */; };
		3375C3401D88743C00484558 /* ItemStore.m in Sources */ = {isa = PBXBuildFile; fileRef = 3375C33F1D88743C00484558 /* ItemStore.m */; };
		3375C3431D89914500484558 /* ItemCell.m in Sources */ = {isa = PBXBuildFile; fileRef = 3375C3421D89914500484558 /* ItemCell.m */; };
		3375C3461D89BBE400484558 /* DetailViewController.m in Sources */ = {isa = PBXBuildFile; fileRef = 3375C3451D89BBE400484558 /* DetailViewController.m */; };
		33EC879A1D8A1AC30006CB85 /* ImageStore.m in Sources */ = {isa = PBXBuildFile; fileRef = 33EC87991D8A1AC30006CB85 /* ImageStore.m */; };
/* End PBXBuildFile section */

/* Begin PBXFileReference section */
		3375C31E1D88471200484558 /* Homepwner.app */ = {isa = PBXFileReference; explicitFileType = wrapper.application; includeInIndex = 0; path = Homepwner.app; sourceTree = BUILT_PRODUCTS_DIR; };
		3375C3221D88471200484558 /* main.m */ = {isa = PBXFileReference; lastKnownFileType = sourcecode.c.objc; path = main.m; sourceTree = "<group>"; };
		3375C3241D88471200484558 /* AppDelegate.h */ = {isa = PBXFileReference; lastKnownFileType = sourcecode.c.h; path = AppDelegate.h; sourceTree = "<group>"; };
		3375C3251D88471200484558 /* AppDelegate.m */ = {isa = PBXFileReference; lastKnownFileType = sourcecode.c.objc; path = AppDelegate.m; sourceTree = "<group>"; };
		3375C32B1D88471200484558 /* Base */ = {isa = PBXFileReference; lastKnownFileType = file.storyboard; name = Base; path = Base.lproj/Main.storyboard; sourceTree = "<group>"; };
		3375C32D1D88471200484558 /* Assets.xcassets */ = {isa = PBXFileReference; lastKnownFileType = folder.assetcatalog; path = Assets.xcassets; sourceTree = "<group>"; };
		3375C3301D88471200484558 /* Base */ = {isa = PBXFileReference; lastKnownFileType = file.storyboard; name = Base; path = Base.lproj/LaunchScreen.storyboard; sourceTree = "<group>"; };
		3375C3321D88471200484558 /* Info.plist */ = {isa = PBXFileReference; lastKnownFileType = text.plist.xml; path = Info.plist; sourceTree = "<group>"; };
		3375C3381D88479700484558 /* ItemsViewController.h */ = {isa = PBXFileReference; fileEncoding = 4; lastKnownFileType = sourcecode.c.h; path = ItemsViewController.h; sourceTree = "<group>"; };
		3375C3391D88479700484558 /* ItemsViewController.m */ = {isa = PBXFileReference; fileEncoding = 4; lastKnownFileType = sourcecode.c.objc; path = ItemsViewController.m; sourceTree = "<group>"; };
		3375C33B1D88605100484558 /* Item.h */ = {isa = PBXFileReference; fileEncoding = 4; lastKnownFileType = sourcecode.c.h; path = Item.h; sourceTree = "<group>"; };
		3375C33C1D88605100484558 /* Item.m */ = {isa = PBXFileReference; fileEncoding = 4; lastKnownFileType = sourcecode.c.objc; path = Item.m; sourceTree = "<group>"; };
		3375C33E1D88743C00484558 /* ItemStore.h */ = {isa = PBXFileReference; fileEncoding = 4; lastKnownFileType = sourcecode.c.h; path = ItemStore.h; sourceTree = "<group>"; };
		3375C33F1D88743C00484558 /* ItemStore.m */ = {isa = PBXFileReference; fileEncoding = 4; lastKnownFileType = sourcecode.c.objc; path = ItemStore.m; sourceTree = "<group>"; };
		3375C3411D89914500484558 /* ItemCell.h */ = {isa = PBXFileReference; fileEncoding = 4; lastKnownFileType = sourcecode.c.h; path = ItemCell.h; sourceTree = "<group>"; };
		3375C3421D89914500484558 /* ItemCell.m */ = {isa = PBXFileReference; fileEncoding = 4; lastKnownFileType = sourcecode.c.objc; path = ItemCell.m; sourceTree = "<group>"; };
		3375C3441D89BBE400484558 /* DetailViewController.h */ = {isa = PBXFileReference; fileEncoding = 4; lastKnownFileType = sourcecode.c.h; path = DetailViewController.h; sourceTree = "<group>"; };
		3375C3451D89BBE400484558 /* DetailViewController.m */ = {isa = PBXFileReference; fileEncoding = 4; lastKnownFileType = sourcecode.c.objc; path = DetailViewController.m; sourceTree = "<group>"; };
		33EC87981D8A1AC30006CB85 /* ImageStore.h */ = {isa = PBXFileReference; fileEncoding = 4; lastKnownFileType = sourcecode.c.h; path = ImageStore.h; sourceTree = "<group>"; };
		33EC87991D8A1AC30006CB85 /* ImageStore.m */ = {isa = PBXFileReference; fileEncoding = 4; lastKnownFileType = sourcecode.c.objc; path = ImageStore.m; sourceTree = "<group>"; };
/* End PBXFileReference section */

/* Begin PBXFrameworksBuildPhase section */
		3375C31B1D88471200484558 /* Frameworks */ = {
			isa = PBXFrameworksBuildPhase;
			buildActionMask = 2147483647;
			files = (
			);
			runOnlyForDeploymentPostprocessing = 0;
		};
/* End PBXFrameworksBuildPhase section */

/* Begin PBXGroup section */
		3375C3151D88471200484558 = {
			isa = PBXGroup;
			children = (
				3375C3201D88471200484558 /* Homepwner */,
				3375C31F1D88471200484558 /* Products */,
			);
			sourceTree = "<group>";
		};
		3375C31F1D88471200484558 /* Products */ = {
			isa = PBXGroup;
			children = (
				3375C31E1D88471200484558 /* Homepwner.app */,
			);
			name = Products;
			sourceTree = "<group>";
		};
		3375C3201D88471200484558 /* Homepwner */ = {
			isa = PBXGroup;
			children = (
				33EC87981D8A1AC30006CB85 /* ImageStore.h */,
				33EC87991D8A1AC30006CB85 /* ImageStore.m */,
				3375C3441D89BBE400484558 /* DetailViewController.h */,
				3375C3451D89BBE400484558 /* DetailViewController.m */,
				3375C3411D89914500484558 /* ItemCell.h */,
				3375C3421D89914500484558 /* ItemCell.m */,
				3375C3241D88471200484558 /* AppDelegate.h */,
				3375C3251D88471200484558 /* AppDelegate.m */,
				3375C32D1D88471200484558 /* Assets.xcassets */,
				3375C3321D88471200484558 /* Info.plist */,
				3375C33B1D88605100484558 /* Item.h */,
				3375C33C1D88605100484558 /* Item.m */,
				3375C33E1D88743C00484558 /* ItemStore.h */,
				3375C33F1D88743C00484558 /* ItemStore.m */,
				3375C3381D88479700484558 /* ItemsViewController.h */,
				3375C3391D88479700484558 /* ItemsViewController.m */,
				3375C32F1D88471200484558 /* LaunchScreen.storyboard */,
				3375C32A1D88471200484558 /* Main.storyboard */,
				3375C3211D88471200484558 /* Supporting Files */,
			);
			path = Homepwner;
			sourceTree = "<group>";
		};
		3375C3211D88471200484558 /* Supporting Files */ = {
			isa = PBXGroup;
			children = (
				3375C3221D88471200484558 /* main.m */,
			);
			name = "Supporting Files";
			sourceTree = "<group>";
		};
/* End PBXGroup section */

/* Begin PBXNativeTarget section */
		3375C31D1D88471200484558 /* Homepwner */ = {
			isa = PBXNativeTarget;
			buildConfigurationList = 3375C3351D88471200484558 /* Build configuration list for PBXNativeTarget "Homepwner" */;
			buildPhases = (
				3375C31A1D88471200484558 /* Sources */,
				3375C31B1D88471200484558 /* Frameworks */,
				3375C31C1D88471200484558 /* Resources */,
			);
			buildRules = (
			);
			dependencies = (
			);
			name = Homepwner;
			productName = Homepwner;
			productReference = 3375C31E1D88471200484558 /* Homepwner.app */;
			productType = "com.apple.product-type.application";
		};
/* End PBXNativeTarget section */

/* Begin PBXProject section */
		3375C3161D88471200484558 /* Project object */ = {
			isa = PBXProject;
			attributes = {
				LastUpgradeCheck = 0800;
				ORGANIZATIONNAME = "Rodney Sampson II";
				TargetAttributes = {
					3375C31D1D88471200484558 = {
						CreatedOnToolsVersion = 8.0;
						ProvisioningStyle = Automatic;
					};
				};
			};
			buildConfigurationList = 3375C3191D88471200484558 /* Build configuration list for PBXProject "Homepwner" */;
			compatibilityVersion = "Xcode 3.2";
			developmentRegion = English;
			hasScannedForEncodings = 0;
			knownRegions = (
				en,
				Base,
			);
			mainGroup = 3375C3151D88471200484558;
			productRefGroup = 3375C31F1D88471200484558 /* Products */;
			projectDirPath = "";
			projectRoot = "";
			targets = (
				3375C31D1D88471200484558 /* Homepwner */,
			);
		};
/* End PBXProject section */

/* Begin PBXResourcesBuildPhase section */
		3375C31C1D88471200484558 /* Resources */ = {
			isa = PBXResourcesBuildPhase;
			buildActionMask = 2147483647;
			files = (
				3375C3311D88471200484558 /* LaunchScreen.storyboard in Resources */,
				3375C32E1D88471200484558 /* Assets.xcassets in Resources */,
				3375C32C1D88471200484558 /* Main.storyboard in Resources */,
			);
			runOnlyForDeploymentPostprocessing = 0;
		};
/* End PBXResourcesBuildPhase section */

/* Begin PBXSourcesBuildPhase section */
		3375C31A1D88471200484558 /* Sources */ = {
			isa = PBXSourcesBuildPhase;
			buildActionMask = 2147483647;
			files = (
				3375C3431D89914500484558 /* ItemCell.m in Sources */,
				3375C33D1D88605100484558 /* Item.m in Sources */,
				3375C33A1D88479700484558 /* ItemsViewController.m in Sources */,
				3375C3261D88471200484558 /* AppDelegate.m in Sources */,
				3375C3231D88471200484558 /* main.m in Sources */,
				3375C3401D88743C00484558 /* ItemStore.m in Sources */,
				3375C3461D89BBE400484558 /* DetailViewController.m in Sources */,
				33EC879A1D8A1AC30006CB85 /* ImageStore.m in Sources */,
			);
			runOnlyForDeploymentPostprocessing = 0;
		};
/* End PBXSourcesBuildPhase section */

/* Begin PBXVariantGroup section */
		3375C32A1D88471200484558 /* Main.storyboard */ = {
			isa = PBXVariantGroup;
			children = (
				3375C32B1D88471200484558 /* Base */,
			);
			name = Main.storyboard;
			sourceTree = "<group>";
		};
		3375C32F1D88471200484558 /* LaunchScreen.storyboard */ = {
			isa = PBXVariantGroup;
			children = (
				3375C3301D88471200484558 /* Base */,
			);
			name = LaunchScreen.storyboard;
			sourceTree = "<group>";
		};
/* End PBXVariantGroup section */

/* Begin XCBuildConfiguration section */
		3375C3331D88471200484558 /* Debug */ = {
			isa = XCBuildConfiguration;
			buildSettings = {
				ALWAYS_SEARCH_USER_PATHS = NO;
				CLANG_ANALYZER_NONNULL = YES;
				CLANG_CXX_LANGUAGE_STANDARD = "gnu++0x";
				CLANG_CXX_LIBRARY = "libc++";
				CLANG_ENABLE_MODULES = YES;
				CLANG_ENABLE_OBJC_ARC = YES;
				CLANG_WARN_BOOL_CONVERSION = YES;
				CLANG_WARN_CONSTANT_CONVERSION = YES;
				CLANG_WARN_DIRECT_OBJC_ISA_USAGE = YES_ERROR;
				CLANG_WARN_DOCUMENTATION_COMMENTS = YES;
				CLANG_WARN_EMPTY_BODY = YES;
				CLANG_WARN_ENUM_CONVERSION = YES;
				CLANG_WARN_INFINITE_RECURSION = YES;
				CLANG_WARN_INT_CONVERSION = YES;
				CLANG_WARN_OBJC_ROOT_CLASS = YES_ERROR;
				CLANG_WARN_SUSPICIOUS_MOVES = YES;
				CLANG_WARN_UNREACHABLE_CODE = YES;
				CLANG_WARN__DUPLICATE_METHOD_MATCH = YES;
				"CODE_SIGN_IDENTITY[sdk=iphoneos*]" = "iPhone Developer";
				COPY_PHASE_STRIP = NO;
				DEBUG_INFORMATION_FORMAT = dwarf;
				ENABLE_STRICT_OBJC_MSGSEND = YES;
				ENABLE_TESTABILITY = YES;
				GCC_C_LANGUAGE_STANDARD = gnu99;
				GCC_DYNAMIC_NO_PIC = NO;
				GCC_NO_COMMON_BLOCKS = YES;
				GCC_OPTIMIZATION_LEVEL = 0;
				GCC_PREPROCESSOR_DEFINITIONS = (
					"DEBUG=1",
					"$(inherited)",
				);
				GCC_WARN_64_TO_32_BIT_CONVERSION = YES;
				GCC_WARN_ABOUT_RETURN_TYPE = YES_ERROR;
				GCC_WARN_UNDECLARED_SELECTOR = YES;
				GCC_WARN_UNINITIALIZED_AUTOS = YES_AGGRESSIVE;
				GCC_WARN_UNUSED_FUNCTION = YES;
				GCC_WARN_UNUSED_VARIABLE = YES;
				IPHONEOS_DEPLOYMENT_TARGET = 10.0;
				MTL_ENABLE_DEBUG_INFO = YES;
				ONLY_ACTIVE_ARCH = YES;
				SDKROOT = iphoneos;
			};
			name = Debug;
		};
		3375C3341D88471200484558 /* Release */ = {
			isa = XCBuildConfiguration;
			buildSettings = {
				ALWAYS_SEARCH_USER_PATHS = NO;
				CLANG_ANALYZER_NONNULL = YES;
				CLANG_CXX_LANGUAGE_STANDARD = "gnu++0x";
				CLANG_CXX_LIBRARY = "libc++";
				CLANG_ENABLE_MODULES = YES;
				CLANG_ENABLE_OBJC_ARC = YES;
				CLANG_WARN_BOOL_CONVERSION = YES;
				CLANG_WARN_CONSTANT_CONVERSION = YES;
				CLANG_WARN_DIRECT_OBJC_ISA_USAGE = YES_ERROR;
				CLANG_WARN_DOCUMENTATION_COMMENTS = YES;
				CLANG_WARN_EMPTY_BODY = YES;
				CLANG_WARN_ENUM_CONVERSION = YES;
				CLANG_WARN_INFINITE_RECURSION = YES;
				CLANG_WARN_INT_CONVERSION = YES;
				CLANG_WARN_OBJC_ROOT_CLASS = YES_ERROR;
				CLANG_WARN_SUSPICIOUS_MOVES = YES;
				CLANG_WARN_UNREACHABLE_CODE = YES;
				CLANG_WARN__DUPLICATE_METHOD_MATCH = YES;
				"CODE_SIGN_IDENTITY[sdk=iphoneos*]" = "iPhone Developer";
				COPY_PHASE_STRIP = NO;
				DEBUG_INFORMATION_FORMAT = "dwarf-with-dsym";
				ENABLE_NS_ASSERTIONS = NO;
				ENABLE_STRICT_OBJC_MSGSEND = YES;
				GCC_C_LANGUAGE_STANDARD = gnu99;
				GCC_NO_COMMON_BLOCKS = YES;
				GCC_WARN_64_TO_32_BIT_CONVERSION = YES;
				GCC_WARN_ABOUT_RETURN_TYPE = YES_ERROR;
				GCC_WARN_UNDECLARED_SELECTOR = YES;
				GCC_WARN_UNINITIALIZED_AUTOS = YES_AGGRESSIVE;
				GCC_WARN_UNUSED_FUNCTION = YES;
				GCC_WARN_UNUSED_VARIABLE = YES;
				IPHONEOS_DEPLOYMENT_TARGET = 10.0;
				MTL_ENABLE_DEBUG_INFO = NO;
				SDKROOT = iphoneos;
				VALIDATE_PRODUCT = YES;
			};
			name = Release;
		};
		3375C3361D88471200484558 /* Debug */ = {
			isa = XCBuildConfiguration;
			buildSettings = {
				ASSETCATALOG_COMPILER_APPICON_NAME = AppIcon;
				INFOPLIST_FILE = Homepwner/Info.plist;
				LD_RUNPATH_SEARCH_PATHS = "$(inherited) @executable_path/Frameworks";
				PRODUCT_BUNDLE_IDENTIFIER = com.rsampdev.Homepwner;
				PRODUCT_NAME = "$(TARGET_NAME)";
			};
			name = Debug;
		};
		3375C3371D88471200484558 /* Release */ = {
			isa = XCBuildConfiguration;
			buildSettings = {
				ASSETCATALOG_COMPILER_APPICON_NAME = AppIcon;
				INFOPLIST_FILE = Homepwner/Info.plist;
				LD_RUNPATH_SEARCH_PATHS = "$(inherited) @executable_path/Frameworks";
				PRODUCT_BUNDLE_IDENTIFIER = com.rsampdev.Homepwner;
				PRODUCT_NAME = "$(TARGET_NAME)";
			};
			name = Release;
		};
/* End XCBuildConfiguration section */

/* Begin XCConfigurationList section */
		3375C3191D88471200484558 /* Build configuration list for PBXProject "Homepwner" */ = {
			isa = XCConfigurationList;
			buildConfigurations = (
				3375C3331D88471200484558 /* Debug */,
				3375C3341D88471200484558 /* Release */,
			);
			defaultConfigurationIsVisible = 0;
			defaultConfigurationName = Release;
		};
		3375C3351D88471200484558 /* Build configuration list for PBXNativeTarget "Homepwner" */ = {
			isa = XCConfigurationList;
			buildConfigurations = (
				3375C3361D88471200484558 /* Debug */,
				3375C3371D88471200484558 /* Release */,
			);
			defaultConfigurationIsVisible = 0;
			defaultConfigurationName = Release;
		};
/* End XCConfigurationList section */
	};
	rootObject = 3375C3161D88471200484558 /* Project object */;
}
